
Microsoft Visual Studio Solution File, Format Version 12.00
# Visual Studio 15
VisualStudioVersion = 15.0.28010.2003
MinimumVisualStudioVersion = 10.0.40219.1
Project("{FAE04EC0-301F-11D3-BF4B-00C04F79EFBC}") = "Layui.Web", "Layui.Web\Layui.Web.csproj", "{225AE816-7202-48F6-AA0A-24D2F134187F}"
EndProject
Global
	GlobalSection(SolutionConfigurationPlatforms) = preSolution
		Debug|Any CPU = Debug|Any CPU
		Release|Any CPU = Release|Any CPU
	EndGlobalSection
	GlobalSection(ProjectConfigurationPlatforms) = postSolution
		{225AE816-7202-48F6-AA0A-24D2F134187F}.Debug|Any CPU.ActiveCfg = Debug|Any CPU
		{225AE816-7202-48F6-AA0A-24D2F134187F}.Debug|Any CPU.Build.0 = Debug|Any CPU
		{225AE816-7202-48F6-AA0A-24D2F134187F}.Release|Any CPU.ActiveCfg = Release|Any CPU
		{225AE816-7202-48F6-AA0A-24D2F134187F}.Release|Any CPU.Build.0 = Release|Any CPU
	EndGlobalSection
	GlobalSection(SolutionProperties) = preSolution
		HideSolutionNode = FALSE
	EndGlobalSection
	GlobalSection(ExtensibilityGlobals) = postSolution
		SolutionGuid = {DE73B69F-ABC8-4FBE-80AD-DF98E690CCCE}
	EndGlobalSection
EndGlobal
